
Microsoft Visual Studio Solution File, Format Version 12.00
Project("{FAE04EC0-301F-11D3-BF4B-00C04F79EFBC}") = "WebApi", "WebApi\WebApi.csproj", "{424C8DCD-FABA-4D0A-B1F2-4B6A36539ECB}"
EndProject
Project("{FAE04EC0-301F-11D3-BF4B-00C04F79EFBC}") = "Domain.Infrastructure", "Domain.Infrastructure\Domain.Infrastructure.csproj", "{70C8963B-3F85-4468-B1F1-1BC55E7B06DA}"
EndProject
Project("{FAE04EC0-301F-11D3-BF4B-00C04F79EFBC}") = "Domain.Application", "Domain.Application\Domain.Application.csproj", "{3250188A-92FF-44A0-A19A-E662E962287D}"
EndProject
Project("{FAE04EC0-301F-11D3-BF4B-00C04F79EFBC}") = "RabbitMQEventBus", "RabbitMQEventBus\RabbitMQEventBus.csproj", "{2B7FAFFB-3774-49B2-B671-05A948CAACB9}"
EndProject
Project("{FAE04EC0-301F-11D3-BF4B-00C04F79EFBC}") = "Domain.Core", "Domain.Core\Domain.Core.csproj", "{0935D52F-C192-4904-BFDE-A47EDAB25E61}"
EndProject
Project("{2150E333-8FDC-42A3-9474-1A3956D46DE8}") = "Microservices", "Microservices", "{369F4C12-6515-4A99-A9A3-544A556FFB38}"
EndProject
Project("{2150E333-8FDC-42A3-9474-1A3956D46DE8}") = "TaskManagement", "TaskManagement", "{C524FA9D-DBB8-4853-8D22-BF1E7DAC21F3}"
EndProject
Project("{2150E333-8FDC-42A3-9474-1A3956D46DE8}") = "TaskManagementTracker", "TaskManagementTracker", "{D4D7F1D9-97B7-4286-A145-BB806101A018}"
EndProject
Project("{FAE04EC0-301F-11D3-BF4B-00C04F79EFBC}") = "TaskEventsTracker", "TaskEventsTracker\TaskEventsTracker.csproj", "{BECA073B-02F4-4707-BE18-16BD3AF40664}"
EndProject
Global
	GlobalSection(SolutionConfigurationPlatforms) = preSolution
		Debug|Any CPU = Debug|Any CPU
		Release|Any CPU = Release|Any CPU
	EndGlobalSection
	GlobalSection(ProjectConfigurationPlatforms) = postSolution
		{424C8DCD-FABA-4D0A-B1F2-4B6A36539ECB}.Debug|Any CPU.ActiveCfg = Debug|Any CPU
		{424C8DCD-FABA-4D0A-B1F2-4B6A36539ECB}.Debug|Any CPU.Build.0 = Debug|Any CPU
		{424C8DCD-FABA-4D0A-B1F2-4B6A36539ECB}.Release|Any CPU.ActiveCfg = Release|Any CPU
		{424C8DCD-FABA-4D0A-B1F2-4B6A36539ECB}.Release|Any CPU.Build.0 = Release|Any CPU
		{70C8963B-3F85-4468-B1F1-1BC55E7B06DA}.Debug|Any CPU.ActiveCfg = Debug|Any CPU
		{70C8963B-3F85-4468-B1F1-1BC55E7B06DA}.Debug|Any CPU.Build.0 = Debug|Any CPU
		{70C8963B-3F85-4468-B1F1-1BC55E7B06DA}.Release|Any CPU.ActiveCfg = Release|Any CPU
		{70C8963B-3F85-4468-B1F1-1BC55E7B06DA}.Release|Any CPU.Build.0 = Release|Any CPU
		{3250188A-92FF-44A0-A19A-E662E962287D}.Debug|Any CPU.ActiveCfg = Debug|Any CPU
		{3250188A-92FF-44A0-A19A-E662E962287D}.Debug|Any CPU.Build.0 = Debug|Any CPU
		{3250188A-92FF-44A0-A19A-E662E962287D}.Release|Any CPU.ActiveCfg = Release|Any CPU
		{3250188A-92FF-44A0-A19A-E662E962287D}.Release|Any CPU.Build.0 = Release|Any CPU
		{2B7FAFFB-3774-49B2-B671-05A948CAACB9}.Debug|Any CPU.ActiveCfg = Debug|Any CPU
		{2B7FAFFB-3774-49B2-B671-05A948CAACB9}.Debug|Any CPU.Build.0 = Debug|Any CPU
		{2B7FAFFB-3774-49B2-B671-05A948CAACB9}.Release|Any CPU.ActiveCfg = Release|Any CPU
		{2B7FAFFB-3774-49B2-B671-05A948CAACB9}.Release|Any CPU.Build.0 = Release|Any CPU
		{0935D52F-C192-4904-BFDE-A47EDAB25E61}.Debug|Any CPU.ActiveCfg = Debug|Any CPU
		{0935D52F-C192-4904-BFDE-A47EDAB25E61}.Debug|Any CPU.Build.0 = Debug|Any CPU
		{0935D52F-C192-4904-BFDE-A47EDAB25E61}.Release|Any CPU.ActiveCfg = Release|Any CPU
		{0935D52F-C192-4904-BFDE-A47EDAB25E61}.Release|Any CPU.Build.0 = Release|Any CPU
		{BECA073B-02F4-4707-BE18-16BD3AF40664}.Debug|Any CPU.ActiveCfg = Debug|Any CPU
		{BECA073B-02F4-4707-BE18-16BD3AF40664}.Debug|Any CPU.Build.0 = Debug|Any CPU
		{BECA073B-02F4-4707-BE18-16BD3AF40664}.Release|Any CPU.ActiveCfg = Release|Any CPU
		{BECA073B-02F4-4707-BE18-16BD3AF40664}.Release|Any CPU.Build.0 = Release|Any CPU
	EndGlobalSection
	GlobalSection(NestedProjects) = preSolution
		{C524FA9D-DBB8-4853-8D22-BF1E7DAC21F3} = {369F4C12-6515-4A99-A9A3-544A556FFB38}
		{D4D7F1D9-97B7-4286-A145-BB806101A018} = {369F4C12-6515-4A99-A9A3-544A556FFB38}
		{424C8DCD-FABA-4D0A-B1F2-4B6A36539ECB} = {C524FA9D-DBB8-4853-8D22-BF1E7DAC21F3}
		{70C8963B-3F85-4468-B1F1-1BC55E7B06DA} = {C524FA9D-DBB8-4853-8D22-BF1E7DAC21F3}
		{3250188A-92FF-44A0-A19A-E662E962287D} = {C524FA9D-DBB8-4853-8D22-BF1E7DAC21F3}
		{BECA073B-02F4-4707-BE18-16BD3AF40664} = {D4D7F1D9-97B7-4286-A145-BB806101A018}
	EndGlobalSection
EndGlobal
